// !$*UTF8*$!
{
	archiveVersion = 1;
	classes = {
	};
	objectVersion = 55;
	objects = {

/* Begin PBXBuildFile section */
		A02363B127DF7841003C4682 /* UserRowView.swift in Sources */ = {isa = PBXBuildFile; fileRef = A02363B027DF7841003C4682 /* UserRowView.swift */; };
		A02363B427DF7892003C4682 /* User.swift in Sources */ = {isa = PBXBuildFile; fileRef = A02363B327DF7892003C4682 /* User.swift */; };
		A02363B627DF7DF0003C4682 /* UserListView.swift in Sources */ = {isa = PBXBuildFile; fileRef = A02363B527DF7DF0003C4682 /* UserListView.swift */; };
		A02363BA27DF8682003C4682 /* LabelledDividerView.swift in Sources */ = {isa = PBXBuildFile; fileRef = A02363B927DF8682003C4682 /* LabelledDividerView.swift */; };
		A085E71627E08FF700A5E896 /* UsersViewModel.swift in Sources */ = {isa = PBXBuildFile; fileRef = A085E71527E08FF700A5E896 /* UsersViewModel.swift */; };
		A085E71827E092CC00A5E896 /* GroupsViewModel.swift in Sources */ = {isa = PBXBuildFile; fileRef = A085E71727E092CB00A5E896 /* GroupsViewModel.swift */; };
		A08B34B027DF898400283343 /* Group.swift in Sources */ = {isa = PBXBuildFile; fileRef = A08B34AF27DF898400283343 /* Group.swift */; };
		A08B34B227DF8ADB00283343 /* GroupRowView.swift in Sources */ = {isa = PBXBuildFile; fileRef = A08B34B127DF8ADB00283343 /* GroupRowView.swift */; };
		A08B34B427DF8B5400283343 /* GroupListView.swift in Sources */ = {isa = PBXBuildFile; fileRef = A08B34B327DF8B5400283343 /* GroupListView.swift */; };
		A08B34B627DF8E9700283343 /* NewsListView.swift in Sources */ = {isa = PBXBuildFile; fileRef = A08B34B527DF8E9700283343 /* NewsListView.swift */; };
		A09BCF9927CD549A00957920 /* VKSwiftUIApp.swift in Sources */ = {isa = PBXBuildFile; fileRef = A09BCF9827CD549A00957920 /* VKSwiftUIApp.swift */; };
		A09BCF9B27CD549A00957920 /* ContentView.swift in Sources */ = {isa = PBXBuildFile; fileRef = A09BCF9A27CD549A00957920 /* ContentView.swift */; };
		A09BCF9D27CD549C00957920 /* Assets.xcassets in Resources */ = {isa = PBXBuildFile; fileRef = A09BCF9C27CD549C00957920 /* Assets.xcassets */; };
		A09BCFA027CD549C00957920 /* Preview Assets.xcassets in Resources */ = {isa = PBXBuildFile; fileRef = A09BCF9F27CD549C00957920 /* Preview Assets.xcassets */; };
/* End PBXBuildFile section */

/* Begin PBXFileReference section */
		A02363B027DF7841003C4682 /* UserRowView.swift */ = {isa = PBXFileReference; lastKnownFileType = sourcecode.swift; path = UserRowView.swift; sourceTree = "<group>"; };
		A02363B327DF7892003C4682 /* User.swift */ = {isa = PBXFileReference; lastKnownFileType = sourcecode.swift; path = User.swift; sourceTree = "<group>"; };
		A02363B527DF7DF0003C4682 /* UserListView.swift */ = {isa = PBXFileReference; lastKnownFileType = sourcecode.swift; path = UserListView.swift; sourceTree = "<group>"; };
		A02363B927DF8682003C4682 /* LabelledDividerView.swift */ = {isa = PBXFileReference; lastKnownFileType = sourcecode.swift; path = LabelledDividerView.swift; sourceTree = "<group>"; };
		A085E71527E08FF700A5E896 /* UsersViewModel.swift */ = {isa = PBXFileReference; lastKnownFileType = sourcecode.swift; path = UsersViewModel.swift; sourceTree = "<group>"; };
		A085E71727E092CB00A5E896 /* GroupsViewModel.swift */ = {isa = PBXFileReference; lastKnownFileType = sourcecode.swift; path = GroupsViewModel.swift; sourceTree = "<group>"; };
		A08B34AF27DF898400283343 /* Group.swift */ = {isa = PBXFileReference; lastKnownFileType = sourcecode.swift; path = Group.swift; sourceTree = "<group>"; };
		A08B34B127DF8ADB00283343 /* GroupRowView.swift */ = {isa = PBXFileReference; lastKnownFileType = sourcecode.swift; path = GroupRowView.swift; sourceTree = "<group>"; };
		A08B34B327DF8B5400283343 /* GroupListView.swift */ = {isa = PBXFileReference; lastKnownFileType = sourcecode.swift; path = GroupListView.swift; sourceTree = "<group>"; };
		A08B34B527DF8E9700283343 /* NewsListView.swift */ = {isa = PBXFileReference; lastKnownFileType = sourcecode.swift; path = NewsListView.swift; sourceTree = "<group>"; };
		A09BCF9527CD549A00957920 /* VKSwiftUI.app */ = {isa = PBXFileReference; explicitFileType = wrapper.application; includeInIndex = 0; path = VKSwiftUI.app; sourceTree = BUILT_PRODUCTS_DIR; };
		A09BCF9827CD549A00957920 /* VKSwiftUIApp.swift */ = {isa = PBXFileReference; lastKnownFileType = sourcecode.swift; path = VKSwiftUIApp.swift; sourceTree = "<group>"; };
		A09BCF9A27CD549A00957920 /* ContentView.swift */ = {isa = PBXFileReference; lastKnownFileType = sourcecode.swift; path = ContentView.swift; sourceTree = "<group>"; };
		A09BCF9C27CD549C00957920 /* Assets.xcassets */ = {isa = PBXFileReference; lastKnownFileType = folder.assetcatalog; path = Assets.xcassets; sourceTree = "<group>"; };
		A09BCF9F27CD549C00957920 /* Preview Assets.xcassets */ = {isa = PBXFileReference; lastKnownFileType = folder.assetcatalog; path = "Preview Assets.xcassets"; sourceTree = "<group>"; };
/* End PBXFileReference section */

/* Begin PBXFrameworksBuildPhase section */
		A09BCF9227CD549A00957920 /* Frameworks */ = {
			isa = PBXFrameworksBuildPhase;
			buildActionMask = 2147483647;
			files = (
			);
			runOnlyForDeploymentPostprocessing = 0;
		};
/* End PBXFrameworksBuildPhase section */

/* Begin PBXGroup section */
		A02363AE27DF77DA003C4682 /* View */ = {
			isa = PBXGroup;
			children = (
				A02363AF27DF7822003C4682 /* Cell */,
				A08B34B527DF8E9700283343 /* NewsListView.swift */,
			);
			path = View;
			sourceTree = "<group>";
		};
		A02363AF27DF7822003C4682 /* Cell */ = {
			isa = PBXGroup;
			children = (
			);
			path = Cell;
			sourceTree = "<group>";
		};
		A02363B227DF7888003C4682 /* Groups */ = {
			isa = PBXGroup;
			children = (
				A085E70E27E08F8500A5E896 /* Model */,
				A085E70F27E08F8C00A5E896 /* View */,
				A085E71127E08FA100A5E896 /* ViewModel */,
			);
			path = Groups;
			sourceTree = "<group>";
		};
		A02363B727DF866D003C4682 /* Helpers */ = {
			isa = PBXGroup;
			children = (
				A02363B927DF8682003C4682 /* LabelledDividerView.swift */,
			);
			path = Helpers;
			sourceTree = "<group>";
		};
		A085E70927E08F3100A5E896 /* Friends */ = {
			isa = PBXGroup;
			children = (
				A085E70C27E08F5F00A5E896 /* Model */,
				A085E70A27E08F3C00A5E896 /* View */,
				A085E70D27E08F7400A5E896 /* ViewModel */,
			);
			path = Friends;
			sourceTree = "<group>";
		};
		A085E70A27E08F3C00A5E896 /* View */ = {
			isa = PBXGroup;
			children = (
				A02363B527DF7DF0003C4682 /* UserListView.swift */,
				A085E70B27E08F4600A5E896 /* Row */,
			);
			path = View;
			sourceTree = "<group>";
		};
		A085E70B27E08F4600A5E896 /* Row */ = {
			isa = PBXGroup;
			children = (
				A02363B027DF7841003C4682 /* UserRowView.swift */,
			);
			path = Row;
			sourceTree = "<group>";
		};
		A085E70C27E08F5F00A5E896 /* Model */ = {
			isa = PBXGroup;
			children = (
				A02363B327DF7892003C4682 /* User.swift */,
			);
			path = Model;
			sourceTree = "<group>";
		};
		A085E70D27E08F7400A5E896 /* ViewModel */ = {
			isa = PBXGroup;
			children = (
				A085E71527E08FF700A5E896 /* UsersViewModel.swift */,
			);
			path = ViewModel;
			sourceTree = "<group>";
		};
		A085E70E27E08F8500A5E896 /* Model */ = {
			isa = PBXGroup;
			children = (
				A08B34AF27DF898400283343 /* Group.swift */,
			);
			path = Model;
			sourceTree = "<group>";
		};
		A085E70F27E08F8C00A5E896 /* View */ = {
			isa = PBXGroup;
			children = (
				A08B34B327DF8B5400283343 /* GroupListView.swift */,
				A085E71027E08F9500A5E896 /* Row */,
			);
			path = View;
			sourceTree = "<group>";
		};
		A085E71027E08F9500A5E896 /* Row */ = {
			isa = PBXGroup;
			children = (
				A08B34B127DF8ADB00283343 /* GroupRowView.swift */,
			);
			path = Row;
			sourceTree = "<group>";
		};
		A085E71127E08FA100A5E896 /* ViewModel */ = {
			isa = PBXGroup;
			children = (
				A085E71727E092CB00A5E896 /* GroupsViewModel.swift */,
			);
			path = ViewModel;
			sourceTree = "<group>";
		};
		A085E71227E08FBA00A5E896 /* News */ = {
			isa = PBXGroup;
			children = (
				A085E71327E08FD700A5E896 /* Model */,
				A02363AE27DF77DA003C4682 /* View */,
				A085E71427E08FDD00A5E896 /* ViewModel */,
			);
			path = News;
			sourceTree = "<group>";
		};
		A085E71327E08FD700A5E896 /* Model */ = {
			isa = PBXGroup;
			children = (
			);
			path = Model;
			sourceTree = "<group>";
		};
		A085E71427E08FDD00A5E896 /* ViewModel */ = {
			isa = PBXGroup;
			children = (
			);
			path = ViewModel;
			sourceTree = "<group>";
		};
		A09BCF8C27CD549A00957920 = {
			isa = PBXGroup;
			children = (
				A09BCF9727CD549A00957920 /* VKSwiftUI */,
				A09BCF9627CD549A00957920 /* Products */,
			);
			sourceTree = "<group>";
		};
		A09BCF9627CD549A00957920 /* Products */ = {
			isa = PBXGroup;
			children = (
				A09BCF9527CD549A00957920 /* VKSwiftUI.app */,
			);
			name = Products;
			sourceTree = "<group>";
		};
		A09BCF9727CD549A00957920 /* VKSwiftUI */ = {
			isa = PBXGroup;
			children = (
				A085E71227E08FBA00A5E896 /* News */,
				A085E70927E08F3100A5E896 /* Friends */,
				A02363B227DF7888003C4682 /* Groups */,
				A09BCF9827CD549A00957920 /* VKSwiftUIApp.swift */,
				A09BCF9A27CD549A00957920 /* ContentView.swift */,
				A02363B727DF866D003C4682 /* Helpers */,
				A09BCF9C27CD549C00957920 /* Assets.xcassets */,
				A09BCF9E27CD549C00957920 /* Preview Content */,
			);
			path = VKSwiftUI;
			sourceTree = "<group>";
		};
		A09BCF9E27CD549C00957920 /* Preview Content */ = {
			isa = PBXGroup;
			children = (
				A09BCF9F27CD549C00957920 /* Preview Assets.xcassets */,
			);
			path = "Preview Content";
			sourceTree = "<group>";
		};
/* End PBXGroup section */

/* Begin PBXNativeTarget section */
		A09BCF9427CD549A00957920 /* VKSwiftUI */ = {
			isa = PBXNativeTarget;
			buildConfigurationList = A09BCFA327CD549C00957920 /* Build configuration list for PBXNativeTarget "VKSwiftUI" */;
			buildPhases = (
				A09BCF9127CD549A00957920 /* Sources */,
				A09BCF9227CD549A00957920 /* Frameworks */,
				A09BCF9327CD549A00957920 /* Resources */,
			);
			buildRules = (
			);
			dependencies = (
			);
			name = VKSwiftUI;
			productName = VKSwiftUI;
			productReference = A09BCF9527CD549A00957920 /* VKSwiftUI.app */;
			productType = "com.apple.product-type.application";
		};
/* End PBXNativeTarget section */

/* Begin PBXProject section */
		A09BCF8D27CD549A00957920 /* Project object */ = {
			isa = PBXProject;
			attributes = {
				BuildIndependentTargetsInParallel = 1;
				LastSwiftUpdateCheck = 1320;
				LastUpgradeCheck = 1320;
				TargetAttributes = {
					A09BCF9427CD549A00957920 = {
						CreatedOnToolsVersion = 13.2.1;
					};
				};
			};
			buildConfigurationList = A09BCF9027CD549A00957920 /* Build configuration list for PBXProject "VKSwiftUI" */;
			compatibilityVersion = "Xcode 13.0";
			developmentRegion = en;
			hasScannedForEncodings = 0;
			knownRegions = (
				en,
				Base,
			);
			mainGroup = A09BCF8C27CD549A00957920;
			productRefGroup = A09BCF9627CD549A00957920 /* Products */;
			projectDirPath = "";
			projectRoot = "";
			targets = (
				A09BCF9427CD549A00957920 /* VKSwiftUI */,
			);
		};
/* End PBXProject section */

/* Begin PBXResourcesBuildPhase section */
		A09BCF9327CD549A00957920 /* Resources */ = {
			isa = PBXResourcesBuildPhase;
			buildActionMask = 2147483647;
			files = (
				A09BCFA027CD549C00957920 /* Preview Assets.xcassets in Resources */,
				A09BCF9D27CD549C00957920 /* Assets.xcassets in Resources */,
			);
			runOnlyForDeploymentPostprocessing = 0;
		};
/* End PBXResourcesBuildPhase section */

/* Begin PBXSourcesBuildPhase section */
		A09BCF9127CD549A00957920 /* Sources */ = {
			isa = PBXSourcesBuildPhase;
			buildActionMask = 2147483647;
			files = (
				A085E71827E092CC00A5E896 /* GroupsViewModel.swift in Sources */,
				A085E71627E08FF700A5E896 /* UsersViewModel.swift in Sources */,
				A08B34B027DF898400283343 /* Group.swift in Sources */,
				A08B34B427DF8B5400283343 /* GroupListView.swift in Sources */,
				A02363B427DF7892003C4682 /* User.swift in Sources */,
				A02363B627DF7DF0003C4682 /* UserListView.swift in Sources */,
				A09BCF9B27CD549A00957920 /* ContentView.swift in Sources */,
				A02363BA27DF8682003C4682 /* LabelledDividerView.swift in Sources */,
				A02363B127DF7841003C4682 /* UserRowView.swift in Sources */,
				A08B34B627DF8E9700283343 /* NewsListView.swift in Sources */,
				A08B34B227DF8ADB00283343 /* GroupRowView.swift in Sources */,
				A09BCF9927CD549A00957920 /* VKSwiftUIApp.swift in Sources */,
			);
			runOnlyForDeploymentPostprocessing = 0;
		};
/* End PBXSourcesBuildPhase section */

/* Begin XCBuildConfiguration section */
		A09BCFA127CD549C00957920 /* Debug */ = {
			isa = XCBuildConfiguration;
			buildSettings = {
				ALWAYS_SEARCH_USER_PATHS = NO;
				CLANG_ANALYZER_NONNULL = YES;
				CLANG_ANALYZER_NUMBER_OBJECT_CONVERSION = YES_AGGRESSIVE;
				CLANG_CXX_LANGUAGE_STANDARD = "gnu++17";
				CLANG_CXX_LIBRARY = "libc++";
				CLANG_ENABLE_MODULES = YES;
				CLANG_ENABLE_OBJC_ARC = YES;
				CLANG_ENABLE_OBJC_WEAK = YES;
				CLANG_WARN_BLOCK_CAPTURE_AUTORELEASING = YES;
				CLANG_WARN_BOOL_CONVERSION = YES;
				CLANG_WARN_COMMA = YES;
				CLANG_WARN_CONSTANT_CONVERSION = YES;
				CLANG_WARN_DEPRECATED_OBJC_IMPLEMENTATIONS = YES;
				CLANG_WARN_DIRECT_OBJC_ISA_USAGE = YES_ERROR;
				CLANG_WARN_DOCUMENTATION_COMMENTS = YES;
				CLANG_WARN_EMPTY_BODY = YES;
				CLANG_WARN_ENUM_CONVERSION = YES;
				CLANG_WARN_INFINITE_RECURSION = YES;
				CLANG_WARN_INT_CONVERSION = YES;
				CLANG_WARN_NON_LITERAL_NULL_CONVERSION = YES;
				CLANG_WARN_OBJC_IMPLICIT_RETAIN_SELF = YES;
				CLANG_WARN_OBJC_LITERAL_CONVERSION = YES;
				CLANG_WARN_OBJC_ROOT_CLASS = YES_ERROR;
				CLANG_WARN_QUOTED_INCLUDE_IN_FRAMEWORK_HEADER = YES;
				CLANG_WARN_RANGE_LOOP_ANALYSIS = YES;
				CLANG_WARN_STRICT_PROTOTYPES = YES;
				CLANG_WARN_SUSPICIOUS_MOVE = YES;
				CLANG_WARN_UNGUARDED_AVAILABILITY = YES_AGGRESSIVE;
				CLANG_WARN_UNREACHABLE_CODE = YES;
				CLANG_WARN__DUPLICATE_METHOD_MATCH = YES;
				COPY_PHASE_STRIP = NO;
				DEBUG_INFORMATION_FORMAT = dwarf;
				ENABLE_STRICT_OBJC_MSGSEND = YES;
				ENABLE_TESTABILITY = YES;
				GCC_C_LANGUAGE_STANDARD = gnu11;
				GCC_DYNAMIC_NO_PIC = NO;
				GCC_NO_COMMON_BLOCKS = YES;
				GCC_OPTIMIZATION_LEVEL = 0;
				GCC_PREPROCESSOR_DEFINITIONS = (
					"DEBUG=1",
					"$(inherited)",
				);
				GCC_WARN_64_TO_32_BIT_CONVERSION = YES;
				GCC_WARN_ABOUT_RETURN_TYPE = YES_ERROR;
				GCC_WARN_UNDECLARED_SELECTOR = YES;
				GCC_WARN_UNINITIALIZED_AUTOS = YES_AGGRESSIVE;
				GCC_WARN_UNUSED_FUNCTION = YES;
				GCC_WARN_UNUSED_VARIABLE = YES;
				IPHONEOS_DEPLOYMENT_TARGET = 15.2;
				MTL_ENABLE_DEBUG_INFO = INCLUDE_SOURCE;
				MTL_FAST_MATH = YES;
				ONLY_ACTIVE_ARCH = YES;
				SDKROOT = iphoneos;
				SWIFT_ACTIVE_COMPILATION_CONDITIONS = DEBUG;
				SWIFT_OPTIMIZATION_LEVEL = "-Onone";
			};
			name = Debug;
		};
		A09BCFA227CD549C00957920 /* Release */ = {
			isa = XCBuildConfiguration;
			buildSettings = {
				ALWAYS_SEARCH_USER_PATHS = NO;
				CLANG_ANALYZER_NONNULL = YES;
				CLANG_ANALYZER_NUMBER_OBJECT_CONVERSION = YES_AGGRESSIVE;
				CLANG_CXX_LANGUAGE_STANDARD = "gnu++17";
				CLANG_CXX_LIBRARY = "libc++";
				CLANG_ENABLE_MODULES = YES;
				CLANG_ENABLE_OBJC_ARC = YES;
				CLANG_ENABLE_OBJC_WEAK = YES;
				CLANG_WARN_BLOCK_CAPTURE_AUTORELEASING = YES;
				CLANG_WARN_BOOL_CONVERSION = YES;
				CLANG_WARN_COMMA = YES;
				CLANG_WARN_CONSTANT_CONVERSION = YES;
				CLANG_WARN_DEPRECATED_OBJC_IMPLEMENTATIONS = YES;
				CLANG_WARN_DIRECT_OBJC_ISA_USAGE = YES_ERROR;
				CLANG_WARN_DOCUMENTATION_COMMENTS = YES;
				CLANG_WARN_EMPTY_BODY = YES;
				CLANG_WARN_ENUM_CONVERSION = YES;
				CLANG_WARN_INFINITE_RECURSION = YES;
				CLANG_WARN_INT_CONVERSION = YES;
				CLANG_WARN_NON_LITERAL_NULL_CONVERSION = YES;
				CLANG_WARN_OBJC_IMPLICIT_RETAIN_SELF = YES;
				CLANG_WARN_OBJC_LITERAL_CONVERSION = YES;
				CLANG_WARN_OBJC_ROOT_CLASS = YES_ERROR;
				CLANG_WARN_QUOTED_INCLUDE_IN_FRAMEWORK_HEADER = YES;
				CLANG_WARN_RANGE_LOOP_ANALYSIS = YES;
				CLANG_WARN_STRICT_PROTOTYPES = YES;
				CLANG_WARN_SUSPICIOUS_MOVE = YES;
				CLANG_WARN_UNGUARDED_AVAILABILITY = YES_AGGRESSIVE;
				CLANG_WARN_UNREACHABLE_CODE = YES;
				CLANG_WARN__DUPLICATE_METHOD_MATCH = YES;
				COPY_PHASE_STRIP = NO;
				DEBUG_INFORMATION_FORMAT = "dwarf-with-dsym";
				ENABLE_NS_ASSERTIONS = NO;
				ENABLE_STRICT_OBJC_MSGSEND = YES;
				GCC_C_LANGUAGE_STANDARD = gnu11;
				GCC_NO_COMMON_BLOCKS = YES;
				GCC_WARN_64_TO_32_BIT_CONVERSION = YES;
				GCC_WARN_ABOUT_RETURN_TYPE = YES_ERROR;
				GCC_WARN_UNDECLARED_SELECTOR = YES;
				GCC_WARN_UNINITIALIZED_AUTOS = YES_AGGRESSIVE;
				GCC_WARN_UNUSED_FUNCTION = YES;
				GCC_WARN_UNUSED_VARIABLE = YES;
				IPHONEOS_DEPLOYMENT_TARGET = 15.2;
				MTL_ENABLE_DEBUG_INFO = NO;
				MTL_FAST_MATH = YES;
				SDKROOT = iphoneos;
				SWIFT_COMPILATION_MODE = wholemodule;
				SWIFT_OPTIMIZATION_LEVEL = "-O";
				VALIDATE_PRODUCT = YES;
			};
			name = Release;
		};
		A09BCFA427CD549C00957920 /* Debug */ = {
			isa = XCBuildConfiguration;
			buildSettings = {
				ASSETCATALOG_COMPILER_APPICON_NAME = AppIcon;
				ASSETCATALOG_COMPILER_GLOBAL_ACCENT_COLOR_NAME = AccentColor;
				CODE_SIGN_STYLE = Automatic;
				CURRENT_PROJECT_VERSION = 1;
				DEVELOPMENT_ASSET_PATHS = "\"VKSwiftUI/Preview Content\"";
				DEVELOPMENT_TEAM = 2DR6VCAQ4L;
				ENABLE_PREVIEWS = YES;
				GENERATE_INFOPLIST_FILE = YES;
				INFOPLIST_KEY_UIApplicationSceneManifest_Generation = YES;
				INFOPLIST_KEY_UIApplicationSupportsIndirectInputEvents = YES;
				INFOPLIST_KEY_UILaunchScreen_Generation = YES;
				INFOPLIST_KEY_UISupportedInterfaceOrientations_iPad = "UIInterfaceOrientationPortrait UIInterfaceOrientationPortraitUpsideDown UIInterfaceOrientationLandscapeLeft UIInterfaceOrientationLandscapeRight";
				INFOPLIST_KEY_UISupportedInterfaceOrientations_iPhone = "UIInterfaceOrientationPortrait UIInterfaceOrientationLandscapeLeft UIInterfaceOrientationLandscapeRight";
				LD_RUNPATH_SEARCH_PATHS = (
					"$(inherited)",
					"@executable_path/Frameworks",
				);
				MARKETING_VERSION = 1.0;
				PRODUCT_BUNDLE_IDENTIFIER = pK.VKSwiftUI;
				PRODUCT_NAME = "$(TARGET_NAME)";
				SWIFT_EMIT_LOC_STRINGS = YES;
				SWIFT_VERSION = 5.0;
				TARGETED_DEVICE_FAMILY = "1,2";
			};
			name = Debug;
		};
		A09BCFA527CD549C00957920 /* Release */ = {
			isa = XCBuildConfiguration;
			buildSettings = {
				ASSETCATALOG_COMPILER_APPICON_NAME = AppIcon;
				ASSETCATALOG_COMPILER_GLOBAL_ACCENT_COLOR_NAME = AccentColor;
				CODE_SIGN_STYLE = Automatic;
				CURRENT_PROJECT_VERSION = 1;
				DEVELOPMENT_ASSET_PATHS = "\"VKSwiftUI/Preview Content\"";
				DEVELOPMENT_TEAM = 2DR6VCAQ4L;
				ENABLE_PREVIEWS = YES;
				GENERATE_INFOPLIST_FILE = YES;
				INFOPLIST_KEY_UIApplicationSceneManifest_Generation = YES;
				INFOPLIST_KEY_UIApplicationSupportsIndirectInputEvents = YES;
				INFOPLIST_KEY_UILaunchScreen_Generation = YES;
				INFOPLIST_KEY_UISupportedInterfaceOrientations_iPad = "UIInterfaceOrientationPortrait UIInterfaceOrientationPortraitUpsideDown UIInterfaceOrientationLandscapeLeft UIInterfaceOrientationLandscapeRight";
				INFOPLIST_KEY_UISupportedInterfaceOrientations_iPhone = "UIInterfaceOrientationPortrait UIInterfaceOrientationLandscapeLeft UIInterfaceOrientationLandscapeRight";
				LD_RUNPATH_SEARCH_PATHS = (
					"$(inherited)",
					"@executable_path/Frameworks",
				);
				MARKETING_VERSION = 1.0;
				PRODUCT_BUNDLE_IDENTIFIER = pK.VKSwiftUI;
				PRODUCT_NAME = "$(TARGET_NAME)";
				SWIFT_EMIT_LOC_STRINGS = YES;
				SWIFT_VERSION = 5.0;
				TARGETED_DEVICE_FAMILY = "1,2";
			};
			name = Release;
		};
/* End XCBuildConfiguration section */

/* Begin XCConfigurationList section */
		A09BCF9027CD549A00957920 /* Build configuration list for PBXProject "VKSwiftUI" */ = {
			isa = XCConfigurationList;
			buildConfigurations = (
				A09BCFA127CD549C00957920 /* Debug */,
				A09BCFA227CD549C00957920 /* Release */,
			);
			defaultConfigurationIsVisible = 0;
			defaultConfigurationName = Release;
		};
		A09BCFA327CD549C00957920 /* Build configuration list for PBXNativeTarget "VKSwiftUI" */ = {
			isa = XCConfigurationList;
			buildConfigurations = (
				A09BCFA427CD549C00957920 /* Debug */,
				A09BCFA527CD549C00957920 /* Release */,
			);
			defaultConfigurationIsVisible = 0;
			defaultConfigurationName = Release;
		};
/* End XCConfigurationList section */
	};
	rootObject = A09BCF8D27CD549A00957920 /* Project object */;
}
